uuid: 7ee58c3b-559f-4f69-aa5f-f8435d8fecee
langcode: en
status: true
dependencies:
  module:
    - rsvplist
  theme:
    - tara
id: thersvpblock
theme: tara
region: content
weight: 0
provider: null
plugin: rsvp_block
settings:
  id: rsvp_block
  label: 'The RSVP Block'
  provider: rsvplist
  label_display: visible
visibility: {  }
